
Microsoft Visual Studio Solution File, Format Version 12.00
Project("{FAE04EC0-301F-11D3-BF4B-00C04F79EFBC}") = "Models", "Models\Models.csproj", "{066CEA66-47AD-4896-A891-B07646AA0F20}"
EndProject
Project("{FAE04EC0-301F-11D3-BF4B-00C04F79EFBC}") = "Gateway", "Gateway\Gateway.csproj", "{AC61C833-ED86-4521-BB8E-CA65D5674182}"
EndProject
Project("{FAE04EC0-301F-11D3-BF4B-00C04F79EFBC}") = "OrderAPI", "OrderAPI\OrderAPI.csproj", "{F04A9741-E09B-450D-9C7A-B85FB9DC0904}"
EndProject
Project("{FAE04EC0-301F-11D3-BF4B-00C04F79EFBC}") = "RestaurantAPI", "RestaurantAPI\RestaurantAPI.csproj", "{79209D31-52B3-49A8-B436-43F1B8E11AC0}"
EndProject
Project("{FAE04EC0-301F-11D3-BF4B-00C04F79EFBC}") = "CustomerAPI", "CustomerAPI\CustomerAPI.csproj", "{1FB2AC4A-FE9C-430B-AA8B-F9E285C74E89}"
EndProject
Project("{FAE04EC0-301F-11D3-BF4B-00C04F79EFBC}") = "LogisticsAPI", "LogisticsAPI\LogisticsAPI.csproj", "{9B5BD913-4770-4469-BFDC-2C3943F964A3}"
EndProject
Project("{FAE04EC0-301F-11D3-BF4B-00C04F79EFBC}") = "Frontend", "Frontend\Frontend.csproj", "{6A4F8044-F371-42A2-9056-74EA3A108AFC}"
EndProject
Project("{FAE04EC0-301F-11D3-BF4B-00C04F79EFBC}") = "PaymentAPI", "PaymentAPI\PaymentAPI.csproj", "{DE73E99F-3F85-4B6D-BBC2-B3A1AF903629}"
EndProject
Project("{FAE04EC0-301F-11D3-BF4B-00C04F79EFBC}") = "MessageTester", "MessageTester\MessageTester.csproj", "{3764A294-D86D-41EE-8D3E-0A79AAE7A974}"
EndProject
Global
	GlobalSection(SolutionConfigurationPlatforms) = preSolution
		Debug|Any CPU = Debug|Any CPU
		Release|Any CPU = Release|Any CPU
	EndGlobalSection
	GlobalSection(ProjectConfigurationPlatforms) = postSolution
		{066CEA66-47AD-4896-A891-B07646AA0F20}.Debug|Any CPU.ActiveCfg = Debug|Any CPU
		{066CEA66-47AD-4896-A891-B07646AA0F20}.Debug|Any CPU.Build.0 = Debug|Any CPU
		{066CEA66-47AD-4896-A891-B07646AA0F20}.Release|Any CPU.ActiveCfg = Release|Any CPU
		{066CEA66-47AD-4896-A891-B07646AA0F20}.Release|Any CPU.Build.0 = Release|Any CPU
		{AC61C833-ED86-4521-BB8E-CA65D5674182}.Debug|Any CPU.ActiveCfg = Debug|Any CPU
		{AC61C833-ED86-4521-BB8E-CA65D5674182}.Debug|Any CPU.Build.0 = Debug|Any CPU
		{AC61C833-ED86-4521-BB8E-CA65D5674182}.Release|Any CPU.ActiveCfg = Release|Any CPU
		{AC61C833-ED86-4521-BB8E-CA65D5674182}.Release|Any CPU.Build.0 = Release|Any CPU
		{79209D31-52B3-49A8-B436-43F1B8E11AC0}.Debug|Any CPU.ActiveCfg = Debug|Any CPU
		{79209D31-52B3-49A8-B436-43F1B8E11AC0}.Debug|Any CPU.Build.0 = Debug|Any CPU
		{79209D31-52B3-49A8-B436-43F1B8E11AC0}.Release|Any CPU.ActiveCfg = Release|Any CPU
		{79209D31-52B3-49A8-B436-43F1B8E11AC0}.Release|Any CPU.Build.0 = Release|Any CPU
		{1FB2AC4A-FE9C-430B-AA8B-F9E285C74E89}.Debug|Any CPU.ActiveCfg = Debug|Any CPU
		{1FB2AC4A-FE9C-430B-AA8B-F9E285C74E89}.Debug|Any CPU.Build.0 = Debug|Any CPU
		{1FB2AC4A-FE9C-430B-AA8B-F9E285C74E89}.Release|Any CPU.ActiveCfg = Release|Any CPU
		{1FB2AC4A-FE9C-430B-AA8B-F9E285C74E89}.Release|Any CPU.Build.0 = Release|Any CPU
		{9B5BD913-4770-4469-BFDC-2C3943F964A3}.Debug|Any CPU.ActiveCfg = Debug|Any CPU
		{9B5BD913-4770-4469-BFDC-2C3943F964A3}.Debug|Any CPU.Build.0 = Debug|Any CPU
		{9B5BD913-4770-4469-BFDC-2C3943F964A3}.Release|Any CPU.ActiveCfg = Release|Any CPU
		{9B5BD913-4770-4469-BFDC-2C3943F964A3}.Release|Any CPU.Build.0 = Release|Any CPU
		{F04A9741-E09B-450D-9C7A-B85FB9DC0904}.Debug|Any CPU.ActiveCfg = Debug|Any CPU
		{F04A9741-E09B-450D-9C7A-B85FB9DC0904}.Debug|Any CPU.Build.0 = Debug|Any CPU
		{F04A9741-E09B-450D-9C7A-B85FB9DC0904}.Release|Any CPU.ActiveCfg = Release|Any CPU
		{F04A9741-E09B-450D-9C7A-B85FB9DC0904}.Release|Any CPU.Build.0 = Release|Any CPU
		{6A4F8044-F371-42A2-9056-74EA3A108AFC}.Debug|Any CPU.ActiveCfg = Debug|Any CPU
		{6A4F8044-F371-42A2-9056-74EA3A108AFC}.Debug|Any CPU.Build.0 = Debug|Any CPU
		{6A4F8044-F371-42A2-9056-74EA3A108AFC}.Release|Any CPU.ActiveCfg = Release|Any CPU
		{6A4F8044-F371-42A2-9056-74EA3A108AFC}.Release|Any CPU.Build.0 = Release|Any CPU
		{DE73E99F-3F85-4B6D-BBC2-B3A1AF903629}.Debug|Any CPU.ActiveCfg = Debug|Any CPU
		{DE73E99F-3F85-4B6D-BBC2-B3A1AF903629}.Debug|Any CPU.Build.0 = Debug|Any CPU
		{DE73E99F-3F85-4B6D-BBC2-B3A1AF903629}.Release|Any CPU.ActiveCfg = Release|Any CPU
		{DE73E99F-3F85-4B6D-BBC2-B3A1AF903629}.Release|Any CPU.Build.0 = Release|Any CPU
		{3764A294-D86D-41EE-8D3E-0A79AAE7A974}.Debug|Any CPU.ActiveCfg = Debug|Any CPU
		{3764A294-D86D-41EE-8D3E-0A79AAE7A974}.Debug|Any CPU.Build.0 = Debug|Any CPU
		{3764A294-D86D-41EE-8D3E-0A79AAE7A974}.Release|Any CPU.ActiveCfg = Release|Any CPU
		{3764A294-D86D-41EE-8D3E-0A79AAE7A974}.Release|Any CPU.Build.0 = Release|Any CPU
	EndGlobalSection
EndGlobal
